
Microsoft Visual Studio Solution File, Format Version 12.00
# Visual Studio Version 16
VisualStudioVersion = 16.0.30128.74
MinimumVisualStudioVersion = 10.0.40219.1
Project("{FAE04EC0-301F-11D3-BF4B-00C04F79EFBC}") = "WebApi", "WebApi\WebApi.csproj", "{C9BC2CCB-AD9C-42E8-8E4A-EFED2ACD2B41}"
EndProject
Project("{FAE04EC0-301F-11D3-BF4B-00C04F79EFBC}") = "Domain", "Domain\Domain.csproj", "{6D659674-D102-4D1C-BA95-EBCF2B243CE7}"
EndProject
Project("{FAE04EC0-301F-11D3-BF4B-00C04F79EFBC}") = "DataAccess.EFCore", "DataAccess,EFCore\DataAccess.EFCore.csproj", "{1DD3744A-2741-4587-A63A-5E5CBFBB51E4}"
EndProject
Global
	GlobalSection(SolutionConfigurationPlatforms) = preSolution
		Debug|Any CPU = Debug|Any CPU
		Release|Any CPU = Release|Any CPU
	EndGlobalSection
	GlobalSection(ProjectConfigurationPlatforms) = postSolution
		{C9BC2CCB-AD9C-42E8-8E4A-EFED2ACD2B41}.Debug|Any CPU.ActiveCfg = Debug|Any CPU
		{C9BC2CCB-AD9C-42E8-8E4A-EFED2ACD2B41}.Debug|Any CPU.Build.0 = Debug|Any CPU
		{C9BC2CCB-AD9C-42E8-8E4A-EFED2ACD2B41}.Release|Any CPU.ActiveCfg = Release|Any CPU
		{C9BC2CCB-AD9C-42E8-8E4A-EFED2ACD2B41}.Release|Any CPU.Build.0 = Release|Any CPU
		{6D659674-D102-4D1C-BA95-EBCF2B243CE7}.Debug|Any CPU.ActiveCfg = Debug|Any CPU
		{6D659674-D102-4D1C-BA95-EBCF2B243CE7}.Debug|Any CPU.Build.0 = Debug|Any CPU
		{6D659674-D102-4D1C-BA95-EBCF2B243CE7}.Release|Any CPU.ActiveCfg = Release|Any CPU
		{6D659674-D102-4D1C-BA95-EBCF2B243CE7}.Release|Any CPU.Build.0 = Release|Any CPU
		{1DD3744A-2741-4587-A63A-5E5CBFBB51E4}.Debug|Any CPU.ActiveCfg = Debug|Any CPU
		{1DD3744A-2741-4587-A63A-5E5CBFBB51E4}.Debug|Any CPU.Build.0 = Debug|Any CPU
		{1DD3744A-2741-4587-A63A-5E5CBFBB51E4}.Release|Any CPU.ActiveCfg = Release|Any CPU
		{1DD3744A-2741-4587-A63A-5E5CBFBB51E4}.Release|Any CPU.Build.0 = Release|Any CPU
	EndGlobalSection
	GlobalSection(SolutionProperties) = preSolution
		HideSolutionNode = FALSE
	EndGlobalSection
	GlobalSection(ExtensibilityGlobals) = postSolution
		SolutionGuid = {CDE5F15D-6525-4460-91CD-E6F95E04749B}
	EndGlobalSection
EndGlobal
